// !$*UTF8*$!
{
	archiveVersion = 1;
	classes = {
	};
	objectVersion = 46;
	objects = {

/* Begin PBXBuildFile section */
		4F08ECD11976B62500CBAD23 /* UINavigationController+Wizard.m in Sources */ = {isa = PBXBuildFile; fileRef = 4F08ECD01976B62500CBAD23 /* UINavigationController+Wizard.m */; };
		4F9D9B1E1975995A0045B680 /* Foundation.framework in Frameworks */ = {isa = PBXBuildFile; fileRef = 4F9D9B1D1975995A0045B680 /* Foundation.framework */; };
		4F9D9B201975995A0045B680 /* CoreGraphics.framework in Frameworks */ = {isa = PBXBuildFile; fileRef = 4F9D9B1F1975995A0045B680 /* CoreGraphics.framework */; };
		4F9D9B221975995A0045B680 /* UIKit.framework in Frameworks */ = {isa = PBXBuildFile; fileRef = 4F9D9B211975995A0045B680 /* UIKit.framework */; };
		4F9D9B281975995A0045B680 /* InfoPlist.strings in Resources */ = {isa = PBXBuildFile; fileRef = 4F9D9B261975995A0045B680 /* InfoPlist.strings */; };
		4F9D9B2A1975995A0045B680 /* main.m in Sources */ = {isa = PBXBuildFile; fileRef = 4F9D9B291975995A0045B680 /* main.m */; };
		4F9D9B2E1975995A0045B680 /* AppDelegate.m in Sources */ = {isa = PBXBuildFile; fileRef = 4F9D9B2D1975995A0045B680 /* AppDelegate.m */; };
		4F9D9B301975995A0045B680 /* Images.xcassets in Resources */ = {isa = PBXBuildFile; fileRef = 4F9D9B2F1975995A0045B680 /* Images.xcassets */; };
		4F9D9B371975995A0045B680 /* XCTest.framework in Frameworks */ = {isa = PBXBuildFile; fileRef = 4F9D9B361975995A0045B680 /* XCTest.framework */; };
		4F9D9B381975995A0045B680 /* Foundation.framework in Frameworks */ = {isa = PBXBuildFile; fileRef = 4F9D9B1D1975995A0045B680 /* Foundation.framework */; };
		4F9D9B391975995A0045B680 /* UIKit.framework in Frameworks */ = {isa = PBXBuildFile; fileRef = 4F9D9B211975995A0045B680 /* UIKit.framework */; };
		4F9D9B411975995A0045B680 /* InfoPlist.strings in Resources */ = {isa = PBXBuildFile; fileRef = 4F9D9B3F1975995A0045B680 /* InfoPlist.strings */; };
		4F9D9B431975995A0045B680 /* EjemploWizardTests.m in Sources */ = {isa = PBXBuildFile; fileRef = 4F9D9B421975995A0045B680 /* EjemploWizardTests.m */; };
		8B8D17C91975EF4900D17E7B /* ViewControllerStep1.m in Sources */ = {isa = PBXBuildFile; fileRef = 8B8D17BE1975EF4900D17E7B /* ViewControllerStep1.m */; };
		8B8D17CA1975EF4900D17E7B /* ViewControllerStep1.xib in Resources */ = {isa = PBXBuildFile; fileRef = 8B8D17BF1975EF4900D17E7B /* ViewControllerStep1.xib */; };
		8B8D17CB1975EF4900D17E7B /* ViewControllerStep2.m in Sources */ = {isa = PBXBuildFile; fileRef = 8B8D17C11975EF4900D17E7B /* ViewControllerStep2.m */; };
		8B8D17CC1975EF4900D17E7B /* ViewControllerStep2.xib in Resources */ = {isa = PBXBuildFile; fileRef = 8B8D17C21975EF4900D17E7B /* ViewControllerStep2.xib */; };
		8B8D17CD1975EF4900D17E7B /* ViewControllerStep4.m in Sources */ = {isa = PBXBuildFile; fileRef = 8B8D17C41975EF4900D17E7B /* ViewControllerStep4.m */; };
		8B8D17CE1975EF4900D17E7B /* ViewControllerStep4.xib in Resources */ = {isa = PBXBuildFile; fileRef = 8B8D17C51975EF4900D17E7B /* ViewControllerStep4.xib */; };
		8B8D17CF1975EF4900D17E7B /* ViewControllerStep5.m in Sources */ = {isa = PBXBuildFile; fileRef = 8B8D17C71975EF4900D17E7B /* ViewControllerStep5.m */; };
		8B8D17D01975EF4900D17E7B /* ViewControllerStep5.xib in Resources */ = {isa = PBXBuildFile; fileRef = 8B8D17C81975EF4900D17E7B /* ViewControllerStep5.xib */; };
		8B8D17D41975EFA200D17E7B /* ViewControllerStep3.m in Sources */ = {isa = PBXBuildFile; fileRef = 8B8D17D21975EFA200D17E7B /* ViewControllerStep3.m */; };
		8B8D17D51975EFA200D17E7B /* ViewControllerStep3.xib in Resources */ = {isa = PBXBuildFile; fileRef = 8B8D17D31975EFA200D17E7B /* ViewControllerStep3.xib */; };
		8B8D17D81975FA8E00D17E7B /* UIButton+Copado.m in Sources */ = {isa = PBXBuildFile; fileRef = 8B8D17D71975FA8E00D17E7B /* UIButton+Copado.m */; };
		8B8D17DE197604D700D17E7B /* UiTextViewCopado.m in Sources */ = {isa = PBXBuildFile; fileRef = 8B8D17DD197604D700D17E7B /* UiTextViewCopado.m */; };
/* End PBXBuildFile section */

/* Begin PBXContainerItemProxy section */
		4F9D9B3A1975995A0045B680 /* PBXContainerItemProxy */ = {
			isa = PBXContainerItemProxy;
			containerPortal = 4F9D9B121975995A0045B680 /* Project object */;
			proxyType = 1;
			remoteGlobalIDString = 4F9D9B191975995A0045B680;
			remoteInfo = EjemploWizard;
		};
/* End PBXContainerItemProxy section */

/* Begin PBXFileReference section */
		4F08ECCF1976B62500CBAD23 /* UINavigationController+Wizard.h */ = {isa = PBXFileReference; fileEncoding = 4; lastKnownFileType = sourcecode.c.h; path = "UINavigationController+Wizard.h"; sourceTree = "<group>"; };
		4F08ECD01976B62500CBAD23 /* UINavigationController+Wizard.m */ = {isa = PBXFileReference; fileEncoding = 4; lastKnownFileType = sourcecode.c.objc; path = "UINavigationController+Wizard.m"; sourceTree = "<group>"; };
		4F9D9B1A1975995A0045B680 /* EjemploWizard.app */ = {isa = PBXFileReference; explicitFileType = wrapper.application; includeInIndex = 0; path = EjemploWizard.app; sourceTree = BUILT_PRODUCTS_DIR; };
		4F9D9B1D1975995A0045B680 /* Foundation.framework */ = {isa = PBXFileReference; lastKnownFileType = wrapper.framework; name = Foundation.framework; path = System/Library/Frameworks/Foundation.framework; sourceTree = SDKROOT; };
		4F9D9B1F1975995A0045B680 /* CoreGraphics.framework */ = {isa = PBXFileReference; lastKnownFileType = wrapper.framework; name = CoreGraphics.framework; path = System/Library/Frameworks/CoreGraphics.framework; sourceTree = SDKROOT; };
		4F9D9B211975995A0045B680 /* UIKit.framework */ = {isa = PBXFileReference; lastKnownFileType = wrapper.framework; name = UIKit.framework; path = System/Library/Frameworks/UIKit.framework; sourceTree = SDKROOT; };
		4F9D9B251975995A0045B680 /* EjemploWizard-Info.plist */ = {isa = PBXFileReference; lastKnownFileType = text.plist.xml; path = "EjemploWizard-Info.plist"; sourceTree = "<group>"; };
		4F9D9B271975995A0045B680 /* en */ = {isa = PBXFileReference; lastKnownFileType = text.plist.strings; name = en; path = en.lproj/InfoPlist.strings; sourceTree = "<group>"; };
		4F9D9B291975995A0045B680 /* main.m */ = {isa = PBXFileReference; lastKnownFileType = sourcecode.c.objc; path = main.m; sourceTree = "<group>"; };
		4F9D9B2B1975995A0045B680 /* EjemploWizard-Prefix.pch */ = {isa = PBXFileReference; lastKnownFileType = sourcecode.c.h; path = "EjemploWizard-Prefix.pch"; sourceTree = "<group>"; };
		4F9D9B2C1975995A0045B680 /* AppDelegate.h */ = {isa = PBXFileReference; lastKnownFileType = sourcecode.c.h; path = AppDelegate.h; sourceTree = "<group>"; };
		4F9D9B2D1975995A0045B680 /* AppDelegate.m */ = {isa = PBXFileReference; lastKnownFileType = sourcecode.c.objc; path = AppDelegate.m; sourceTree = "<group>"; };
		4F9D9B2F1975995A0045B680 /* Images.xcassets */ = {isa = PBXFileReference; lastKnownFileType = folder.assetcatalog; path = Images.xcassets; sourceTree = "<group>"; };
		4F9D9B351975995A0045B680 /* EjemploWizardTests.xctest */ = {isa = PBXFileReference; explicitFileType = wrapper.cfbundle; includeInIndex = 0; path = EjemploWizardTests.xctest; sourceTree = BUILT_PRODUCTS_DIR; };
		4F9D9B361975995A0045B680 /* XCTest.framework */ = {isa = PBXFileReference; lastKnownFileType = wrapper.framework; name = XCTest.framework; path = Library/Frameworks/XCTest.framework; sourceTree = DEVELOPER_DIR; };
		4F9D9B3E1975995A0045B680 /* EjemploWizardTests-Info.plist */ = {isa = PBXFileReference; lastKnownFileType = text.plist.xml; path = "EjemploWizardTests-Info.plist"; sourceTree = "<group>"; };
		4F9D9B401975995A0045B680 /* en */ = {isa = PBXFileReference; lastKnownFileType = text.plist.strings; name = en; path = en.lproj/InfoPlist.strings; sourceTree = "<group>"; };
		4F9D9B421975995A0045B680 /* EjemploWizardTests.m */ = {isa = PBXFileReference; lastKnownFileType = sourcecode.c.objc; path = EjemploWizardTests.m; sourceTree = "<group>"; };
		8B8D17BD1975EF4900D17E7B /* ViewControllerStep1.h */ = {isa = PBXFileReference; fileEncoding = 4; lastKnownFileType = sourcecode.c.h; path = ViewControllerStep1.h; sourceTree = "<group>"; };
		8B8D17BE1975EF4900D17E7B /* ViewControllerStep1.m */ = {isa = PBXFileReference; fileEncoding = 4; lastKnownFileType = sourcecode.c.objc; path = ViewControllerStep1.m; sourceTree = "<group>"; };
		8B8D17BF1975EF4900D17E7B /* ViewControllerStep1.xib */ = {isa = PBXFileReference; fileEncoding = 4; lastKnownFileType = file.xib; path = ViewControllerStep1.xib; sourceTree = "<group>"; };
		8B8D17C01975EF4900D17E7B /* ViewControllerStep2.h */ = {isa = PBXFileReference; fileEncoding = 4; lastKnownFileType = sourcecode.c.h; path = ViewControllerStep2.h; sourceTree = "<group>"; };
		8B8D17C11975EF4900D17E7B /* ViewControllerStep2.m */ = {isa = PBXFileReference; fileEncoding = 4; lastKnownFileType = sourcecode.c.objc; path = ViewControllerStep2.m; sourceTree = "<group>"; };
		8B8D17C21975EF4900D17E7B /* ViewControllerStep2.xib */ = {isa = PBXFileReference; fileEncoding = 4; lastKnownFileType = file.xib; path = ViewControllerStep2.xib; sourceTree = "<group>"; };
		8B8D17C31975EF4900D17E7B /* ViewControllerStep4.h */ = {isa = PBXFileReference; fileEncoding = 4; lastKnownFileType = sourcecode.c.h; path = ViewControllerStep4.h; sourceTree = "<group>"; };
		8B8D17C41975EF4900D17E7B /* ViewControllerStep4.m */ = {isa = PBXFileReference; fileEncoding = 4; lastKnownFileType = sourcecode.c.objc; path = ViewControllerStep4.m; sourceTree = "<group>"; };
		8B8D17C51975EF4900D17E7B /* ViewControllerStep4.xib */ = {isa = PBXFileReference; fileEncoding = 4; lastKnownFileType = file.xib; path = ViewControllerStep4.xib; sourceTree = "<group>"; };
		8B8D17C61975EF4900D17E7B /* ViewControllerStep5.h */ = {isa = PBXFileReference; fileEncoding = 4; lastKnownFileType = sourcecode.c.h; path = ViewControllerStep5.h; sourceTree = "<group>"; };
		8B8D17C71975EF4900D17E7B /* ViewControllerStep5.m */ = {isa = PBXFileReference; fileEncoding = 4; lastKnownFileType = sourcecode.c.objc; path = ViewControllerStep5.m; sourceTree = "<group>"; };
		8B8D17C81975EF4900D17E7B /* ViewControllerStep5.xib */ = {isa = PBXFileReference; fileEncoding = 4; lastKnownFileType = file.xib; path = ViewControllerStep5.xib; sourceTree = "<group>"; };
		8B8D17D11975EFA200D17E7B /* ViewControllerStep3.h */ = {isa = PBXFileReference; fileEncoding = 4; lastKnownFileType = sourcecode.c.h; path = ViewControllerStep3.h; sourceTree = "<group>"; };
		8B8D17D21975EFA200D17E7B /* ViewControllerStep3.m */ = {isa = PBXFileReference; fileEncoding = 4; lastKnownFileType = sourcecode.c.objc; path = ViewControllerStep3.m; sourceTree = "<group>"; };
		8B8D17D31975EFA200D17E7B /* ViewControllerStep3.xib */ = {isa = PBXFileReference; fileEncoding = 4; lastKnownFileType = file.xib; path = ViewControllerStep3.xib; sourceTree = "<group>"; };
		8B8D17D61975FA8E00D17E7B /* UIButton+Copado.h */ = {isa = PBXFileReference; fileEncoding = 4; lastKnownFileType = sourcecode.c.h; path = "UIButton+Copado.h"; sourceTree = "<group>"; };
		8B8D17D71975FA8E00D17E7B /* UIButton+Copado.m */ = {isa = PBXFileReference; fileEncoding = 4; lastKnownFileType = sourcecode.c.objc; path = "UIButton+Copado.m"; sourceTree = "<group>"; };
		8B8D17DC197604D700D17E7B /* UiTextViewCopado.h */ = {isa = PBXFileReference; fileEncoding = 4; lastKnownFileType = sourcecode.c.h; path = UiTextViewCopado.h; sourceTree = "<group>"; };
		8B8D17DD197604D700D17E7B /* UiTextViewCopado.m */ = {isa = PBXFileReference; fileEncoding = 4; lastKnownFileType = sourcecode.c.objc; path = UiTextViewCopado.m; sourceTree = "<group>"; };
/* End PBXFileReference section */

/* Begin PBXFrameworksBuildPhase section */
		4F9D9B171975995A0045B680 /* Frameworks */ = {
			isa = PBXFrameworksBuildPhase;
			buildActionMask = 2147483647;
			files = (
				4F9D9B201975995A0045B680 /* CoreGraphics.framework in Frameworks */,
				4F9D9B221975995A0045B680 /* UIKit.framework in Frameworks */,
				4F9D9B1E1975995A0045B680 /* Foundation.framework in Frameworks */,
			);
			runOnlyForDeploymentPostprocessing = 0;
		};
		4F9D9B321975995A0045B680 /* Frameworks */ = {
			isa = PBXFrameworksBuildPhase;
			buildActionMask = 2147483647;
			files = (
				4F9D9B371975995A0045B680 /* XCTest.framework in Frameworks */,
				4F9D9B391975995A0045B680 /* UIKit.framework in Frameworks */,
				4F9D9B381975995A0045B680 /* Foundation.framework in Frameworks */,
			);
			runOnlyForDeploymentPostprocessing = 0;
		};
/* End PBXFrameworksBuildPhase section */

/* Begin PBXGroup section */
		4F9D9B111975995A0045B680 = {
			isa = PBXGroup;
			children = (
				4F9D9B231975995A0045B680 /* EjemploWizard */,
				4F9D9B3C1975995A0045B680 /* EjemploWizardTests */,
				4F9D9B1C1975995A0045B680 /* Frameworks */,
				4F9D9B1B1975995A0045B680 /* Products */,
			);
			sourceTree = "<group>";
		};
		4F9D9B1B1975995A0045B680 /* Products */ = {
			isa = PBXGroup;
			children = (
				4F9D9B1A1975995A0045B680 /* EjemploWizard.app */,
				4F9D9B351975995A0045B680 /* EjemploWizardTests.xctest */,
			);
			name = Products;
			sourceTree = "<group>";
		};
		4F9D9B1C1975995A0045B680 /* Frameworks */ = {
			isa = PBXGroup;
			children = (
				4F9D9B1D1975995A0045B680 /* Foundation.framework */,
				4F9D9B1F1975995A0045B680 /* CoreGraphics.framework */,
				4F9D9B211975995A0045B680 /* UIKit.framework */,
				4F9D9B361975995A0045B680 /* XCTest.framework */,
			);
			name = Frameworks;
			sourceTree = "<group>";
		};
		4F9D9B231975995A0045B680 /* EjemploWizard */ = {
			isa = PBXGroup;
			children = (
				8B8D17D11975EFA200D17E7B /* ViewControllerStep3.h */,
				8B8D17D21975EFA200D17E7B /* ViewControllerStep3.m */,
				8B8D17D31975EFA200D17E7B /* ViewControllerStep3.xib */,
				8B8D17BD1975EF4900D17E7B /* ViewControllerStep1.h */,
				8B8D17BE1975EF4900D17E7B /* ViewControllerStep1.m */,
				8B8D17BF1975EF4900D17E7B /* ViewControllerStep1.xib */,
				8B8D17C01975EF4900D17E7B /* ViewControllerStep2.h */,
				8B8D17C11975EF4900D17E7B /* ViewControllerStep2.m */,
				8B8D17C21975EF4900D17E7B /* ViewControllerStep2.xib */,
				8B8D17C31975EF4900D17E7B /* ViewControllerStep4.h */,
				8B8D17C41975EF4900D17E7B /* ViewControllerStep4.m */,
				8B8D17C51975EF4900D17E7B /* ViewControllerStep4.xib */,
				8B8D17C61975EF4900D17E7B /* ViewControllerStep5.h */,
				8B8D17C71975EF4900D17E7B /* ViewControllerStep5.m */,
				8B8D17C81975EF4900D17E7B /* ViewControllerStep5.xib */,
				4F9D9B2C1975995A0045B680 /* AppDelegate.h */,
				4F9D9B2D1975995A0045B680 /* AppDelegate.m */,
				4F9D9B2F1975995A0045B680 /* Images.xcassets */,
				4F9D9B241975995A0045B680 /* Supporting Files */,
				8B8D17D61975FA8E00D17E7B /* UIButton+Copado.h */,
				8B8D17D71975FA8E00D17E7B /* UIButton+Copado.m */,
				8B8D17DC197604D700D17E7B /* UiTextViewCopado.h */,
				8B8D17DD197604D700D17E7B /* UiTextViewCopado.m */,
				4F08ECCF1976B62500CBAD23 /* UINavigationController+Wizard.h */,
				4F08ECD01976B62500CBAD23 /* UINavigationController+Wizard.m */,
			);
			path = EjemploWizard;
			sourceTree = "<group>";
		};
		4F9D9B241975995A0045B680 /* Supporting Files */ = {
			isa = PBXGroup;
			children = (
				4F9D9B251975995A0045B680 /* EjemploWizard-Info.plist */,
				4F9D9B261975995A0045B680 /* InfoPlist.strings */,
				4F9D9B291975995A0045B680 /* main.m */,
				4F9D9B2B1975995A0045B680 /* EjemploWizard-Prefix.pch */,
			);
			name = "Supporting Files";
			sourceTree = "<group>";
		};
		4F9D9B3C1975995A0045B680 /* EjemploWizardTests */ = {
			isa = PBXGroup;
			children = (
				4F9D9B421975995A0045B680 /* EjemploWizardTests.m */,
				4F9D9B3D1975995A0045B680 /* Supporting Files */,
			);
			path = EjemploWizardTests;
			sourceTree = "<group>";
		};
		4F9D9B3D1975995A0045B680 /* Supporting Files */ = {
			isa = PBXGroup;
			children = (
				4F9D9B3E1975995A0045B680 /* EjemploWizardTests-Info.plist */,
				4F9D9B3F1975995A0045B680 /* InfoPlist.strings */,
			);
			name = "Supporting Files";
			sourceTree = "<group>";
		};
/* End PBXGroup section */

/* Begin PBXNativeTarget section */
		4F9D9B191975995A0045B680 /* EjemploWizard */ = {
			isa = PBXNativeTarget;
			buildConfigurationList = 4F9D9B461975995A0045B680 /* Build configuration list for PBXNativeTarget "EjemploWizard" */;
			buildPhases = (
				4F9D9B161975995A0045B680 /* Sources */,
				4F9D9B171975995A0045B680 /* Frameworks */,
				4F9D9B181975995A0045B680 /* Resources */,
			);
			buildRules = (
			);
			dependencies = (
			);
			name = EjemploWizard;
			productName = EjemploWizard;
			productReference = 4F9D9B1A1975995A0045B680 /* EjemploWizard.app */;
			productType = "com.apple.product-type.application";
		};
		4F9D9B341975995A0045B680 /* EjemploWizardTests */ = {
			isa = PBXNativeTarget;
			buildConfigurationList = 4F9D9B491975995A0045B680 /* Build configuration list for PBXNativeTarget "EjemploWizardTests" */;
			buildPhases = (
				4F9D9B311975995A0045B680 /* Sources */,
				4F9D9B321975995A0045B680 /* Frameworks */,
				4F9D9B331975995A0045B680 /* Resources */,
			);
			buildRules = (
			);
			dependencies = (
				4F9D9B3B1975995A0045B680 /* PBXTargetDependency */,
			);
			name = EjemploWizardTests;
			productName = EjemploWizardTests;
			productReference = 4F9D9B351975995A0045B680 /* EjemploWizardTests.xctest */;
			productType = "com.apple.product-type.bundle.unit-test";
		};
/* End PBXNativeTarget section */

/* Begin PBXProject section */
		4F9D9B121975995A0045B680 /* Project object */ = {
			isa = PBXProject;
			attributes = {
				LastUpgradeCheck = 0510;
				ORGANIZATIONNAME = mercadolibre;
				TargetAttributes = {
					4F9D9B341975995A0045B680 = {
						TestTargetID = 4F9D9B191975995A0045B680;
					};
				};
			};
			buildConfigurationList = 4F9D9B151975995A0045B680 /* Build configuration list for PBXProject "EjemploWizard" */;
			compatibilityVersion = "Xcode 3.2";
			developmentRegion = English;
			hasScannedForEncodings = 0;
			knownRegions = (
				en,
			);
			mainGroup = 4F9D9B111975995A0045B680;
			productRefGroup = 4F9D9B1B1975995A0045B680 /* Products */;
			projectDirPath = "";
			projectRoot = "";
			targets = (
				4F9D9B191975995A0045B680 /* EjemploWizard */,
				4F9D9B341975995A0045B680 /* EjemploWizardTests */,
			);
		};
/* End PBXProject section */

/* Begin PBXResourcesBuildPhase section */
		4F9D9B181975995A0045B680 /* Resources */ = {
			isa = PBXResourcesBuildPhase;
			buildActionMask = 2147483647;
			files = (
				4F9D9B281975995A0045B680 /* InfoPlist.strings in Resources */,
				8B8D17CE1975EF4900D17E7B /* ViewControllerStep4.xib in Resources */,
				8B8D17CC1975EF4900D17E7B /* ViewControllerStep2.xib in Resources */,
				8B8D17CA1975EF4900D17E7B /* ViewControllerStep1.xib in Resources */,
				8B8D17D01975EF4900D17E7B /* ViewControllerStep5.xib in Resources */,
				4F9D9B301975995A0045B680 /* Images.xcassets in Resources */,
				8B8D17D51975EFA200D17E7B /* ViewControllerStep3.xib in Resources */,
			);
			runOnlyForDeploymentPostprocessing = 0;
		};
		4F9D9B331975995A0045B680 /* Resources */ = {
			isa = PBXResourcesBuildPhase;
			buildActionMask = 2147483647;
			files = (
				4F9D9B411975995A0045B680 /* InfoPlist.strings in Resources */,
			);
			runOnlyForDeploymentPostprocessing = 0;
		};
/* End PBXResourcesBuildPhase section */

/* Begin PBXSourcesBuildPhase section */
		4F9D9B161975995A0045B680 /* Sources */ = {
			isa = PBXSourcesBuildPhase;
			buildActionMask = 2147483647;
			files = (
				4F9D9B2E1975995A0045B680 /* AppDelegate.m in Sources */,
				8B8D17CD1975EF4900D17E7B /* ViewControllerStep4.m in Sources */,
				8B8D17D41975EFA200D17E7B /* ViewControllerStep3.m in Sources */,
				8B8D17CB1975EF4900D17E7B /* ViewControllerStep2.m in Sources */,
				8B8D17C91975EF4900D17E7B /* ViewControllerStep1.m in Sources */,
				8B8D17DE197604D700D17E7B /* UiTextViewCopado.m in Sources */,
				8B8D17CF1975EF4900D17E7B /* ViewControllerStep5.m in Sources */,
				4F9D9B2A1975995A0045B680 /* main.m in Sources */,
				4F08ECD11976B62500CBAD23 /* UINavigationController+Wizard.m in Sources */,
				8B8D17D81975FA8E00D17E7B /* UIButton+Copado.m in Sources */,
			);
			runOnlyForDeploymentPostprocessing = 0;
		};
		4F9D9B311975995A0045B680 /* Sources */ = {
			isa = PBXSourcesBuildPhase;
			buildActionMask = 2147483647;
			files = (
				4F9D9B431975995A0045B680 /* EjemploWizardTests.m in Sources */,
			);
			runOnlyForDeploymentPostprocessing = 0;
		};
/* End PBXSourcesBuildPhase section */

/* Begin PBXTargetDependency section */
		4F9D9B3B1975995A0045B680 /* PBXTargetDependency */ = {
			isa = PBXTargetDependency;
			target = 4F9D9B191975995A0045B680 /* EjemploWizard */;
			targetProxy = 4F9D9B3A1975995A0045B680 /* PBXContainerItemProxy */;
		};
/* End PBXTargetDependency section */

/* Begin PBXVariantGroup section */
		4F9D9B261975995A0045B680 /* InfoPlist.strings */ = {
			isa = PBXVariantGroup;
			children = (
				4F9D9B271975995A0045B680 /* en */,
			);
			name = InfoPlist.strings;
			sourceTree = "<group>";
		};
		4F9D9B3F1975995A0045B680 /* InfoPlist.strings */ = {
			isa = PBXVariantGroup;
			children = (
				4F9D9B401975995A0045B680 /* en */,
			);
			name = InfoPlist.strings;
			sourceTree = "<group>";
		};
/* End PBXVariantGroup section */

/* Begin XCBuildConfiguration section */
		4F9D9B441975995A0045B680 /* Debug */ = {
			isa = XCBuildConfiguration;
			buildSettings = {
				ALWAYS_SEARCH_USER_PATHS = NO;
				CLANG_CXX_LANGUAGE_STANDARD = "gnu++0x";
				CLANG_CXX_LIBRARY = "libc++";
				CLANG_ENABLE_MODULES = YES;
				CLANG_ENABLE_OBJC_ARC = YES;
				CLANG_WARN_BOOL_CONVERSION = YES;
				CLANG_WARN_CONSTANT_CONVERSION = YES;
				CLANG_WARN_DIRECT_OBJC_ISA_USAGE = YES_ERROR;
				CLANG_WARN_EMPTY_BODY = YES;
				CLANG_WARN_ENUM_CONVERSION = YES;
				CLANG_WARN_INT_CONVERSION = YES;
				CLANG_WARN_OBJC_ROOT_CLASS = YES_ERROR;
				CLANG_WARN__DUPLICATE_METHOD_MATCH = YES;
				"CODE_SIGN_IDENTITY[sdk=iphoneos*]" = "iPhone Developer";
				COPY_PHASE_STRIP = NO;
				GCC_C_LANGUAGE_STANDARD = gnu99;
				GCC_DYNAMIC_NO_PIC = NO;
				GCC_OPTIMIZATION_LEVEL = 0;
				GCC_PREPROCESSOR_DEFINITIONS = (
					"DEBUG=1",
					"$(inherited)",
				);
				GCC_SYMBOLS_PRIVATE_EXTERN = NO;
				GCC_WARN_64_TO_32_BIT_CONVERSION = YES;
				GCC_WARN_ABOUT_RETURN_TYPE = YES_ERROR;
				GCC_WARN_UNDECLARED_SELECTOR = YES;
				GCC_WARN_UNINITIALIZED_AUTOS = YES_AGGRESSIVE;
				GCC_WARN_UNUSED_FUNCTION = YES;
				GCC_WARN_UNUSED_VARIABLE = YES;
				IPHONEOS_DEPLOYMENT_TARGET = 7.1;
				ONLY_ACTIVE_ARCH = YES;
				SDKROOT = iphoneos;
				TARGETED_DEVICE_FAMILY = "1,2";
			};
			name = Debug;
		};
		4F9D9B451975995A0045B680 /* Release */ = {
			isa = XCBuildConfiguration;
			buildSettings = {
				ALWAYS_SEARCH_USER_PATHS = NO;
				CLANG_CXX_LANGUAGE_STANDARD = "gnu++0x";
				CLANG_CXX_LIBRARY = "libc++";
				CLANG_ENABLE_MODULES = YES;
				CLANG_ENABLE_OBJC_ARC = YES;
				CLANG_WARN_BOOL_CONVERSION = YES;
				CLANG_WARN_CONSTANT_CONVERSION = YES;
				CLANG_WARN_DIRECT_OBJC_ISA_USAGE = YES_ERROR;
				CLANG_WARN_EMPTY_BODY = YES;
				CLANG_WARN_ENUM_CONVERSION = YES;
				CLANG_WARN_INT_CONVERSION = YES;
				CLANG_WARN_OBJC_ROOT_CLASS = YES_ERROR;
				CLANG_WARN__DUPLICATE_METHOD_MATCH = YES;
				"CODE_SIGN_IDENTITY[sdk=iphoneos*]" = "iPhone Developer";
				COPY_PHASE_STRIP = YES;
				ENABLE_NS_ASSERTIONS = NO;
				GCC_C_LANGUAGE_STANDARD = gnu99;
				GCC_WARN_64_TO_32_BIT_CONVERSION = YES;
				GCC_WARN_ABOUT_RETURN_TYPE = YES_ERROR;
				GCC_WARN_UNDECLARED_SELECTOR = YES;
				GCC_WARN_UNINITIALIZED_AUTOS = YES_AGGRESSIVE;
				GCC_WARN_UNUSED_FUNCTION = YES;
				GCC_WARN_UNUSED_VARIABLE = YES;
				IPHONEOS_DEPLOYMENT_TARGET = 7.1;
				SDKROOT = iphoneos;
				TARGETED_DEVICE_FAMILY = "1,2";
				VALIDATE_PRODUCT = YES;
			};
			name = Release;
		};
		4F9D9B471975995A0045B680 /* Debug */ = {
			isa = XCBuildConfiguration;
			buildSettings = {
				ASSETCATALOG_COMPILER_APPICON_NAME = AppIcon;
				ASSETCATALOG_COMPILER_LAUNCHIMAGE_NAME = LaunchImage;
				GCC_PRECOMPILE_PREFIX_HEADER = YES;
				GCC_PREFIX_HEADER = "EjemploWizard/EjemploWizard-Prefix.pch";
				INFOPLIST_FILE = "EjemploWizard/EjemploWizard-Info.plist";
				PRODUCT_NAME = "$(TARGET_NAME)";
				WRAPPER_EXTENSION = app;
			};
			name = Debug;
		};
		4F9D9B481975995A0045B680 /* Release */ = {
			isa = XCBuildConfiguration;
			buildSettings = {
				ASSETCATALOG_COMPILER_APPICON_NAME = AppIcon;
				ASSETCATALOG_COMPILER_LAUNCHIMAGE_NAME = LaunchImage;
				GCC_PRECOMPILE_PREFIX_HEADER = YES;
				GCC_PREFIX_HEADER = "EjemploWizard/EjemploWizard-Prefix.pch";
				INFOPLIST_FILE = "EjemploWizard/EjemploWizard-Info.plist";
				PRODUCT_NAME = "$(TARGET_NAME)";
				WRAPPER_EXTENSION = app;
			};
			name = Release;
		};
		4F9D9B4A1975995A0045B680 /* Debug */ = {
			isa = XCBuildConfiguration;
			buildSettings = {
				BUNDLE_LOADER = "$(BUILT_PRODUCTS_DIR)/EjemploWizard.app/EjemploWizard";
				FRAMEWORK_SEARCH_PATHS = (
					"$(SDKROOT)/Developer/Library/Frameworks",
					"$(inherited)",
					"$(DEVELOPER_FRAMEWORKS_DIR)",
				);
				GCC_PRECOMPILE_PREFIX_HEADER = YES;
				GCC_PREFIX_HEADER = "EjemploWizard/EjemploWizard-Prefix.pch";
				GCC_PREPROCESSOR_DEFINITIONS = (
					"DEBUG=1",
					"$(inherited)",
				);
				INFOPLIST_FILE = "EjemploWizardTests/EjemploWizardTests-Info.plist";
				PRODUCT_NAME = "$(TARGET_NAME)";
				TEST_HOST = "$(BUNDLE_LOADER)";
				WRAPPER_EXTENSION = xctest;
			};
			name = Debug;
		};
		4F9D9B4B1975995A0045B680 /* Release */ = {
			isa = XCBuildConfiguration;
			buildSettings = {
				BUNDLE_LOADER = "$(BUILT_PRODUCTS_DIR)/EjemploWizard.app/EjemploWizard";
				FRAMEWORK_SEARCH_PATHS = (
					"$(SDKROOT)/Developer/Library/Frameworks",
					"$(inherited)",
					"$(DEVELOPER_FRAMEWORKS_DIR)",
				);
				GCC_PRECOMPILE_PREFIX_HEADER = YES;
				GCC_PREFIX_HEADER = "EjemploWizard/EjemploWizard-Prefix.pch";
				INFOPLIST_FILE = "EjemploWizardTests/EjemploWizardTests-Info.plist";
				PRODUCT_NAME = "$(TARGET_NAME)";
				TEST_HOST = "$(BUNDLE_LOADER)";
				WRAPPER_EXTENSION = xctest;
			};
			name = Release;
		};
/* End XCBuildConfiguration section */

/* Begin XCConfigurationList section */
		4F9D9B151975995A0045B680 /* Build configuration list for PBXProject "EjemploWizard" */ = {
			isa = XCConfigurationList;
			buildConfigurations = (
				4F9D9B441975995A0045B680 /* Debug */,
				4F9D9B451975995A0045B680 /* Release */,
			);
			defaultConfigurationIsVisible = 0;
			defaultConfigurationName = Release;
		};
		4F9D9B461975995A0045B680 /* Build configuration list for PBXNativeTarget "EjemploWizard" */ = {
			isa = XCConfigurationList;
			buildConfigurations = (
				4F9D9B471975995A0045B680 /* Debug */,
				4F9D9B481975995A0045B680 /* Release */,
			);
			defaultConfigurationIsVisible = 0;
			defaultConfigurationName = Release;
		};
		4F9D9B491975995A0045B680 /* Build configuration list for PBXNativeTarget "EjemploWizardTests" */ = {
			isa = XCConfigurationList;
			buildConfigurations = (
				4F9D9B4A1975995A0045B680 /* Debug */,
				4F9D9B4B1975995A0045B680 /* Release */,
			);
			defaultConfigurationIsVisible = 0;
			defaultConfigurationName = Release;
		};
/* End XCConfigurationList section */
	};
	rootObject = 4F9D9B121975995A0045B680 /* Project object */;
}
